
Microsoft Visual Studio Solution File, Format Version 12.00
# Visual Studio 14
VisualStudioVersion = 14.0.25420.1
MinimumVisualStudioVersion = 10.0.40219.1
Project("{FAE04EC0-301F-11D3-BF4B-00C04F79EFBC}") = "PrismUnityApp1", "PrismUnityApp1\PrismUnityApp1\PrismUnityApp1.csproj", "{2D86D8D9-8FF3-4079-B159-140DD83924B2}"
EndProject
Project("{FAE04EC0-301F-11D3-BF4B-00C04F79EFBC}") = "PrismUnityApp1.Droid", "PrismUnityApp1\PrismUnityApp1.Droid\PrismUnityApp1.Droid.csproj", "{B1215501-BCD7-43D9-9227-199F38175392}"
EndProject
Project("{FAE04EC0-301F-11D3-BF4B-00C04F79EFBC}") = "PrismUnityApp1.iOS", "PrismUnityApp1\PrismUnityApp1.iOS\PrismUnityApp1.iOS.csproj", "{5F8AA460-BEB4-4DCA-9141-AF7B2077FF16}"
EndProject
Project("{FAE04EC0-301F-11D3-BF4B-00C04F79EFBC}") = "PrismUnityApp1.UWP", "PrismUnityApp1\PrismUnityApp1.UWP\PrismUnityApp1.UWP.csproj", "{83062D03-3B32-4057-9B29-85D38E3A7789}"
EndProject
Project("{FAE04EC0-301F-11D3-BF4B-00C04F79EFBC}") = "PrismUnityApp1.WinPhone", "PrismUnityApp1\PrismUnityApp1.WinPhone\PrismUnityApp1.WinPhone.csproj", "{A3B7D7AE-B33E-43DF-8A47-BDAC167AB1D2}"
EndProject
Project("{FAE04EC0-301F-11D3-BF4B-00C04F79EFBC}") = "PrismUnityApp1.Windows", "PrismUnityApp1\PrismUnityApp1.Windows\PrismUnityApp1.Windows.csproj", "{8EBA25C1-D49A-469A-8E58-CF325387336D}"
EndProject
Global
	GlobalSection(SolutionConfigurationPlatforms) = preSolution
		Ad-Hoc|Any CPU = Ad-Hoc|Any CPU
		Ad-Hoc|ARM = Ad-Hoc|ARM
		Ad-Hoc|iPhone = Ad-Hoc|iPhone
		Ad-Hoc|iPhoneSimulator = Ad-Hoc|iPhoneSimulator
		Ad-Hoc|x64 = Ad-Hoc|x64
		Ad-Hoc|x86 = Ad-Hoc|x86
		AppStore|Any CPU = AppStore|Any CPU
		AppStore|ARM = AppStore|ARM
		AppStore|iPhone = AppStore|iPhone
		AppStore|iPhoneSimulator = AppStore|iPhoneSimulator
		AppStore|x64 = AppStore|x64
		AppStore|x86 = AppStore|x86
		Debug|Any CPU = Debug|Any CPU
		Debug|ARM = Debug|ARM
		Debug|iPhone = Debug|iPhone
		Debug|iPhoneSimulator = Debug|iPhoneSimulator
		Debug|x64 = Debug|x64
		Debug|x86 = Debug|x86
		Release|Any CPU = Release|Any CPU
		Release|ARM = Release|ARM
		Release|iPhone = Release|iPhone
		Release|iPhoneSimulator = Release|iPhoneSimulator
		Release|x64 = Release|x64
		Release|x86 = Release|x86
	EndGlobalSection
	GlobalSection(ProjectConfigurationPlatforms) = postSolution
		{2D86D8D9-8FF3-4079-B159-140DD83924B2}.Ad-Hoc|Any CPU.ActiveCfg = Release|Any CPU
		{2D86D8D9-8FF3-4079-B159-140DD83924B2}.Ad-Hoc|Any CPU.Build.0 = Release|Any CPU
		{2D86D8D9-8FF3-4079-B159-140DD83924B2}.Ad-Hoc|ARM.ActiveCfg = Release|Any CPU
		{2D86D8D9-8FF3-4079-B159-140DD83924B2}.Ad-Hoc|ARM.Build.0 = Release|Any CPU
		{2D86D8D9-8FF3-4079-B159-140DD83924B2}.Ad-Hoc|iPhone.ActiveCfg = Release|Any CPU
		{2D86D8D9-8FF3-4079-B159-140DD83924B2}.Ad-Hoc|iPhone.Build.0 = Release|Any CPU
		{2D86D8D9-8FF3-4079-B159-140DD83924B2}.Ad-Hoc|iPhoneSimulator.ActiveCfg = Release|Any CPU
		{2D86D8D9-8FF3-4079-B159-140DD83924B2}.Ad-Hoc|iPhoneSimulator.Build.0 = Release|Any CPU
		{2D86D8D9-8FF3-4079-B159-140DD83924B2}.Ad-Hoc|x64.ActiveCfg = Release|Any CPU
		{2D86D8D9-8FF3-4079-B159-140DD83924B2}.Ad-Hoc|x64.Build.0 = Release|Any CPU
		{2D86D8D9-8FF3-4079-B159-140DD83924B2}.Ad-Hoc|x86.ActiveCfg = Release|Any CPU
		{2D86D8D9-8FF3-4079-B159-140DD83924B2}.Ad-Hoc|x86.Build.0 = Release|Any CPU
		{2D86D8D9-8FF3-4079-B159-140DD83924B2}.AppStore|Any CPU.ActiveCfg = Release|Any CPU
		{2D86D8D9-8FF3-4079-B159-140DD83924B2}.AppStore|Any CPU.Build.0 = Release|Any CPU
		{2D86D8D9-8FF3-4079-B159-140DD83924B2}.AppStore|ARM.ActiveCfg = Release|Any CPU
		{2D86D8D9-8FF3-4079-B159-140DD83924B2}.AppStore|ARM.Build.0 = Release|Any CPU
		{2D86D8D9-8FF3-4079-B159-140DD83924B2}.AppStore|iPhone.ActiveCfg = Release|Any CPU
		{2D86D8D9-8FF3-4079-B159-140DD83924B2}.AppStore|iPhone.Build.0 = Release|Any CPU
		{2D86D8D9-8FF3-4079-B159-140DD83924B2}.AppStore|iPhoneSimulator.ActiveCfg = Release|Any CPU
		{2D86D8D9-8FF3-4079-B159-140DD83924B2}.AppStore|iPhoneSimulator.Build.0 = Release|Any CPU
		{2D86D8D9-8FF3-4079-B159-140DD83924B2}.AppStore|x64.ActiveCfg = Release|Any CPU
		{2D86D8D9-8FF3-4079-B159-140DD83924B2}.AppStore|x64.Build.0 = Release|Any CPU
		{2D86D8D9-8FF3-4079-B159-140DD83924B2}.AppStore|x86.ActiveCfg = Release|Any CPU
		{2D86D8D9-8FF3-4079-B159-140DD83924B2}.AppStore|x86.Build.0 = Release|Any CPU
		{2D86D8D9-8FF3-4079-B159-140DD83924B2}.Debug|Any CPU.ActiveCfg = Debug|Any CPU
		{2D86D8D9-8FF3-4079-B159-140DD83924B2}.Debug|Any CPU.Build.0 = Debug|Any CPU
		{2D86D8D9-8FF3-4079-B159-140DD83924B2}.Debug|ARM.ActiveCfg = Debug|Any CPU
		{2D86D8D9-8FF3-4079-B159-140DD83924B2}.Debug|ARM.Build.0 = Debug|Any CPU
		{2D86D8D9-8FF3-4079-B159-140DD83924B2}.Debug|iPhone.ActiveCfg = Debug|Any CPU
		{2D86D8D9-8FF3-4079-B159-140DD83924B2}.Debug|iPhone.Build.0 = Debug|Any CPU
		{2D86D8D9-8FF3-4079-B159-140DD83924B2}.Debug|iPhoneSimulator.ActiveCfg = Debug|Any CPU
		{2D86D8D9-8FF3-4079-B159-140DD83924B2}.Debug|iPhoneSimulator.Build.0 = Debug|Any CPU
		{2D86D8D9-8FF3-4079-B159-140DD83924B2}.Debug|x64.ActiveCfg = Debug|Any CPU
		{2D86D8D9-8FF3-4079-B159-140DD83924B2}.Debug|x64.Build.0 = Debug|Any CPU
		{2D86D8D9-8FF3-4079-B159-140DD83924B2}.Debug|x86.ActiveCfg = Debug|Any CPU
		{2D86D8D9-8FF3-4079-B159-140DD83924B2}.Debug|x86.Build.0 = Debug|Any CPU
		{2D86D8D9-8FF3-4079-B159-140DD83924B2}.Release|Any CPU.ActiveCfg = Release|Any CPU
		{2D86D8D9-8FF3-4079-B159-140DD83924B2}.Release|Any CPU.Build.0 = Release|Any CPU
		{2D86D8D9-8FF3-4079-B159-140DD83924B2}.Release|ARM.ActiveCfg = Release|Any CPU
		{2D86D8D9-8FF3-4079-B159-140DD83924B2}.Release|ARM.Build.0 = Release|Any CPU
		{2D86D8D9-8FF3-4079-B159-140DD83924B2}.Release|iPhone.ActiveCfg = Release|Any CPU
		{2D86D8D9-8FF3-4079-B159-140DD83924B2}.Release|iPhone.Build.0 = Release|Any CPU
		{2D86D8D9-8FF3-4079-B159-140DD83924B2}.Release|iPhoneSimulator.ActiveCfg = Release|Any CPU
		{2D86D8D9-8FF3-4079-B159-140DD83924B2}.Release|iPhoneSimulator.Build.0 = Release|Any CPU
		{2D86D8D9-8FF3-4079-B159-140DD83924B2}.Release|x64.ActiveCfg = Release|Any CPU
		{2D86D8D9-8FF3-4079-B159-140DD83924B2}.Release|x64.Build.0 = Release|Any CPU
		{2D86D8D9-8FF3-4079-B159-140DD83924B2}.Release|x86.ActiveCfg = Release|Any CPU
		{2D86D8D9-8FF3-4079-B159-140DD83924B2}.Release|x86.Build.0 = Release|Any CPU
		{B1215501-BCD7-43D9-9227-199F38175392}.Ad-Hoc|Any CPU.ActiveCfg = Release|Any CPU
		{B1215501-BCD7-43D9-9227-199F38175392}.Ad-Hoc|Any CPU.Build.0 = Release|Any CPU
		{B1215501-BCD7-43D9-9227-199F38175392}.Ad-Hoc|Any CPU.Deploy.0 = Release|Any CPU
		{B1215501-BCD7-43D9-9227-199F38175392}.Ad-Hoc|ARM.ActiveCfg = Release|Any CPU
		{B1215501-BCD7-43D9-9227-199F38175392}.Ad-Hoc|ARM.Build.0 = Release|Any CPU
		{B1215501-BCD7-43D9-9227-199F38175392}.Ad-Hoc|ARM.Deploy.0 = Release|Any CPU
		{B1215501-BCD7-43D9-9227-199F38175392}.Ad-Hoc|iPhone.ActiveCfg = Release|Any CPU
		{B1215501-BCD7-43D9-9227-199F38175392}.Ad-Hoc|iPhone.Build.0 = Release|Any CPU
		{B1215501-BCD7-43D9-9227-199F38175392}.Ad-Hoc|iPhone.Deploy.0 = Release|Any CPU
		{B1215501-BCD7-43D9-9227-199F38175392}.Ad-Hoc|iPhoneSimulator.ActiveCfg = Release|Any CPU
		{B1215501-BCD7-43D9-9227-199F38175392}.Ad-Hoc|iPhoneSimulator.Build.0 = Release|Any CPU
		{B1215501-BCD7-43D9-9227-199F38175392}.Ad-Hoc|iPhoneSimulator.Deploy.0 = Release|Any CPU
		{B1215501-BCD7-43D9-9227-199F38175392}.Ad-Hoc|x64.ActiveCfg = Release|Any CPU
		{B1215501-BCD7-43D9-9227-199F38175392}.Ad-Hoc|x64.Build.0 = Release|Any CPU
		{B1215501-BCD7-43D9-9227-199F38175392}.Ad-Hoc|x64.Deploy.0 = Release|Any CPU
		{B1215501-BCD7-43D9-9227-199F38175392}.Ad-Hoc|x86.ActiveCfg = Release|Any CPU
		{B1215501-BCD7-43D9-9227-199F38175392}.Ad-Hoc|x86.Build.0 = Release|Any CPU
		{B1215501-BCD7-43D9-9227-199F38175392}.Ad-Hoc|x86.Deploy.0 = Release|Any CPU
		{B1215501-BCD7-43D9-9227-199F38175392}.AppStore|Any CPU.ActiveCfg = Release|Any CPU
		{B1215501-BCD7-43D9-9227-199F38175392}.AppStore|Any CPU.Build.0 = Release|Any CPU
		{B1215501-BCD7-43D9-9227-199F38175392}.AppStore|Any CPU.Deploy.0 = Release|Any CPU
		{B1215501-BCD7-43D9-9227-199F38175392}.AppStore|ARM.ActiveCfg = Release|Any CPU
		{B1215501-BCD7-43D9-9227-199F38175392}.AppStore|ARM.Build.0 = Release|Any CPU
		{B1215501-BCD7-43D9-9227-199F38175392}.AppStore|ARM.Deploy.0 = Release|Any CPU
		{B1215501-BCD7-43D9-9227-199F38175392}.AppStore|iPhone.ActiveCfg = Release|Any CPU
		{B1215501-BCD7-43D9-9227-199F38175392}.AppStore|iPhone.Build.0 = Release|Any CPU
		{B1215501-BCD7-43D9-9227-199F38175392}.AppStore|iPhone.Deploy.0 = Release|Any CPU
		{B1215501-BCD7-43D9-9227-199F38175392}.AppStore|iPhoneSimulator.ActiveCfg = Release|Any CPU
		{B1215501-BCD7-43D9-9227-199F38175392}.AppStore|iPhoneSimulator.Build.0 = Release|Any CPU
		{B1215501-BCD7-43D9-9227-199F38175392}.AppStore|iPhoneSimulator.Deploy.0 = Release|Any CPU
		{B1215501-BCD7-43D9-9227-199F38175392}.AppStore|x64.ActiveCfg = Release|Any CPU
		{B1215501-BCD7-43D9-9227-199F38175392}.AppStore|x64.Build.0 = Release|Any CPU
		{B1215501-BCD7-43D9-9227-199F38175392}.AppStore|x64.Deploy.0 = Release|Any CPU
		{B1215501-BCD7-43D9-9227-199F38175392}.AppStore|x86.ActiveCfg = Release|Any CPU
		{B1215501-BCD7-43D9-9227-199F38175392}.AppStore|x86.Build.0 = Release|Any CPU
		{B1215501-BCD7-43D9-9227-199F38175392}.AppStore|x86.Deploy.0 = Release|Any CPU
		{B1215501-BCD7-43D9-9227-199F38175392}.Debug|Any CPU.ActiveCfg = Debug|Any CPU
		{B1215501-BCD7-43D9-9227-199F38175392}.Debug|Any CPU.Build.0 = Debug|Any CPU
		{B1215501-BCD7-43D9-9227-199F38175392}.Debug|Any CPU.Deploy.0 = Debug|Any CPU
		{B1215501-BCD7-43D9-9227-199F38175392}.Debug|ARM.ActiveCfg = Debug|Any CPU
		{B1215501-BCD7-43D9-9227-199F38175392}.Debug|ARM.Build.0 = Debug|Any CPU
		{B1215501-BCD7-43D9-9227-199F38175392}.Debug|ARM.Deploy.0 = Debug|Any CPU
		{B1215501-BCD7-43D9-9227-199F38175392}.Debug|iPhone.ActiveCfg = Debug|Any CPU
		{B1215501-BCD7-43D9-9227-199F38175392}.Debug|iPhone.Build.0 = Debug|Any CPU
		{B1215501-BCD7-43D9-9227-199F38175392}.Debug|iPhone.Deploy.0 = Debug|Any CPU
		{B1215501-BCD7-43D9-9227-199F38175392}.Debug|iPhoneSimulator.ActiveCfg = Debug|Any CPU
		{B1215501-BCD7-43D9-9227-199F38175392}.Debug|iPhoneSimulator.Build.0 = Debug|Any CPU
		{B1215501-BCD7-43D9-9227-199F38175392}.Debug|iPhoneSimulator.Deploy.0 = Debug|Any CPU
		{B1215501-BCD7-43D9-9227-199F38175392}.Debug|x64.ActiveCfg = Debug|Any CPU
		{B1215501-BCD7-43D9-9227-199F38175392}.Debug|x64.Build.0 = Debug|Any CPU
		{B1215501-BCD7-43D9-9227-199F38175392}.Debug|x64.Deploy.0 = Debug|Any CPU
		{B1215501-BCD7-43D9-9227-199F38175392}.Debug|x86.ActiveCfg = Debug|Any CPU
		{B1215501-BCD7-43D9-9227-199F38175392}.Debug|x86.Build.0 = Debug|Any CPU
		{B1215501-BCD7-43D9-9227-199F38175392}.Debug|x86.Deploy.0 = Debug|Any CPU
		{B1215501-BCD7-43D9-9227-199F38175392}.Release|Any CPU.ActiveCfg = Release|Any CPU
		{B1215501-BCD7-43D9-9227-199F38175392}.Release|Any CPU.Build.0 = Release|Any CPU
		{B1215501-BCD7-43D9-9227-199F38175392}.Release|Any CPU.Deploy.0 = Release|Any CPU
		{B1215501-BCD7-43D9-9227-199F38175392}.Release|ARM.ActiveCfg = Release|Any CPU
		{B1215501-BCD7-43D9-9227-199F38175392}.Release|ARM.Build.0 = Release|Any CPU
		{B1215501-BCD7-43D9-9227-199F38175392}.Release|ARM.Deploy.0 = Release|Any CPU
		{B1215501-BCD7-43D9-9227-199F38175392}.Release|iPhone.ActiveCfg = Release|Any CPU
		{B1215501-BCD7-43D9-9227-199F38175392}.Release|iPhone.Build.0 = Release|Any CPU
		{B1215501-BCD7-43D9-9227-199F38175392}.Release|iPhone.Deploy.0 = Release|Any CPU
		{B1215501-BCD7-43D9-9227-199F38175392}.Release|iPhoneSimulator.ActiveCfg = Release|Any CPU
		{B1215501-BCD7-43D9-9227-199F38175392}.Release|iPhoneSimulator.Build.0 = Release|Any CPU
		{B1215501-BCD7-43D9-9227-199F38175392}.Release|iPhoneSimulator.Deploy.0 = Release|Any CPU
		{B1215501-BCD7-43D9-9227-199F38175392}.Release|x64.ActiveCfg = Release|Any CPU
		{B1215501-BCD7-43D9-9227-199F38175392}.Release|x64.Build.0 = Release|Any CPU
		{B1215501-BCD7-43D9-9227-199F38175392}.Release|x64.Deploy.0 = Release|Any CPU
		{B1215501-BCD7-43D9-9227-199F38175392}.Release|x86.ActiveCfg = Release|Any CPU
		{B1215501-BCD7-43D9-9227-199F38175392}.Release|x86.Build.0 = Release|Any CPU
		{B1215501-BCD7-43D9-9227-199F38175392}.Release|x86.Deploy.0 = Release|Any CPU
		{5F8AA460-BEB4-4DCA-9141-AF7B2077FF16}.Ad-Hoc|Any CPU.ActiveCfg = Ad-Hoc|iPhone
		{5F8AA460-BEB4-4DCA-9141-AF7B2077FF16}.Ad-Hoc|ARM.ActiveCfg = Ad-Hoc|iPhone
		{5F8AA460-BEB4-4DCA-9141-AF7B2077FF16}.Ad-Hoc|iPhone.ActiveCfg = Ad-Hoc|iPhone
		{5F8AA460-BEB4-4DCA-9141-AF7B2077FF16}.Ad-Hoc|iPhone.Build.0 = Ad-Hoc|iPhone
		{5F8AA460-BEB4-4DCA-9141-AF7B2077FF16}.Ad-Hoc|iPhoneSimulator.ActiveCfg = Ad-Hoc|iPhoneSimulator
		{5F8AA460-BEB4-4DCA-9141-AF7B2077FF16}.Ad-Hoc|iPhoneSimulator.Build.0 = Ad-Hoc|iPhoneSimulator
		{5F8AA460-BEB4-4DCA-9141-AF7B2077FF16}.Ad-Hoc|x64.ActiveCfg = Ad-Hoc|iPhone
		{5F8AA460-BEB4-4DCA-9141-AF7B2077FF16}.Ad-Hoc|x86.ActiveCfg = Ad-Hoc|iPhone
		{5F8AA460-BEB4-4DCA-9141-AF7B2077FF16}.AppStore|Any CPU.ActiveCfg = AppStore|iPhone
		{5F8AA460-BEB4-4DCA-9141-AF7B2077FF16}.AppStore|ARM.ActiveCfg = AppStore|iPhone
		{5F8AA460-BEB4-4DCA-9141-AF7B2077FF16}.AppStore|iPhone.ActiveCfg = AppStore|iPhone
		{5F8AA460-BEB4-4DCA-9141-AF7B2077FF16}.AppStore|iPhone.Build.0 = AppStore|iPhone
		{5F8AA460-BEB4-4DCA-9141-AF7B2077FF16}.AppStore|iPhoneSimulator.ActiveCfg = AppStore|iPhoneSimulator
		{5F8AA460-BEB4-4DCA-9141-AF7B2077FF16}.AppStore|iPhoneSimulator.Build.0 = AppStore|iPhoneSimulator
		{5F8AA460-BEB4-4DCA-9141-AF7B2077FF16}.AppStore|x64.ActiveCfg = AppStore|iPhone
		{5F8AA460-BEB4-4DCA-9141-AF7B2077FF16}.AppStore|x86.ActiveCfg = AppStore|iPhone
		{5F8AA460-BEB4-4DCA-9141-AF7B2077FF16}.Debug|Any CPU.ActiveCfg = Debug|iPhone
		{5F8AA460-BEB4-4DCA-9141-AF7B2077FF16}.Debug|ARM.ActiveCfg = Debug|iPhone
		{5F8AA460-BEB4-4DCA-9141-AF7B2077FF16}.Debug|iPhone.ActiveCfg = Debug|iPhone
		{5F8AA460-BEB4-4DCA-9141-AF7B2077FF16}.Debug|iPhone.Build.0 = Debug|iPhone
		{5F8AA460-BEB4-4DCA-9141-AF7B2077FF16}.Debug|iPhoneSimulator.ActiveCfg = Debug|iPhoneSimulator
		{5F8AA460-BEB4-4DCA-9141-AF7B2077FF16}.Debug|iPhoneSimulator.Build.0 = Debug|iPhoneSimulator
		{5F8AA460-BEB4-4DCA-9141-AF7B2077FF16}.Debug|x64.ActiveCfg = Debug|iPhone
		{5F8AA460-BEB4-4DCA-9141-AF7B2077FF16}.Debug|x86.ActiveCfg = Debug|iPhone
		{5F8AA460-BEB4-4DCA-9141-AF7B2077FF16}.Release|Any CPU.ActiveCfg = Release|iPhone
		{5F8AA460-BEB4-4DCA-9141-AF7B2077FF16}.Release|ARM.ActiveCfg = Release|iPhone
		{5F8AA460-BEB4-4DCA-9141-AF7B2077FF16}.Release|iPhone.ActiveCfg = Release|iPhone
		{5F8AA460-BEB4-4DCA-9141-AF7B2077FF16}.Release|iPhone.Build.0 = Release|iPhone
		{5F8AA460-BEB4-4DCA-9141-AF7B2077FF16}.Release|iPhoneSimulator.ActiveCfg = Release|iPhoneSimulator
		{5F8AA460-BEB4-4DCA-9141-AF7B2077FF16}.Release|iPhoneSimulator.Build.0 = Release|iPhoneSimulator
		{5F8AA460-BEB4-4DCA-9141-AF7B2077FF16}.Release|x64.ActiveCfg = Release|iPhone
		{5F8AA460-BEB4-4DCA-9141-AF7B2077FF16}.Release|x86.ActiveCfg = Release|iPhone
		{83062D03-3B32-4057-9B29-85D38E3A7789}.Ad-Hoc|Any CPU.ActiveCfg = Release|x86
		{83062D03-3B32-4057-9B29-85D38E3A7789}.Ad-Hoc|Any CPU.Build.0 = Release|x86
		{83062D03-3B32-4057-9B29-85D38E3A7789}.Ad-Hoc|Any CPU.Deploy.0 = Release|x86
		{83062D03-3B32-4057-9B29-85D38E3A7789}.Ad-Hoc|ARM.ActiveCfg = Release|ARM
		{83062D03-3B32-4057-9B29-85D38E3A7789}.Ad-Hoc|ARM.Build.0 = Release|ARM
		{83062D03-3B32-4057-9B29-85D38E3A7789}.Ad-Hoc|ARM.Deploy.0 = Release|ARM
		{83062D03-3B32-4057-9B29-85D38E3A7789}.Ad-Hoc|iPhone.ActiveCfg = Release|x86
		{83062D03-3B32-4057-9B29-85D38E3A7789}.Ad-Hoc|iPhone.Build.0 = Release|x86
		{83062D03-3B32-4057-9B29-85D38E3A7789}.Ad-Hoc|iPhone.Deploy.0 = Release|x86
		{83062D03-3B32-4057-9B29-85D38E3A7789}.Ad-Hoc|iPhoneSimulator.ActiveCfg = Release|x86
		{83062D03-3B32-4057-9B29-85D38E3A7789}.Ad-Hoc|iPhoneSimulator.Build.0 = Release|x86
		{83062D03-3B32-4057-9B29-85D38E3A7789}.Ad-Hoc|iPhoneSimulator.Deploy.0 = Release|x86
		{83062D03-3B32-4057-9B29-85D38E3A7789}.Ad-Hoc|x64.ActiveCfg = Release|x64
		{83062D03-3B32-4057-9B29-85D38E3A7789}.Ad-Hoc|x64.Build.0 = Release|x64
		{83062D03-3B32-4057-9B29-85D38E3A7789}.Ad-Hoc|x64.Deploy.0 = Release|x64
		{83062D03-3B32-4057-9B29-85D38E3A7789}.Ad-Hoc|x86.ActiveCfg = Release|x86
		{83062D03-3B32-4057-9B29-85D38E3A7789}.Ad-Hoc|x86.Build.0 = Release|x86
		{83062D03-3B32-4057-9B29-85D38E3A7789}.Ad-Hoc|x86.Deploy.0 = Release|x86
		{83062D03-3B32-4057-9B29-85D38E3A7789}.AppStore|Any CPU.ActiveCfg = Release|x86
		{83062D03-3B32-4057-9B29-85D38E3A7789}.AppStore|Any CPU.Build.0 = Release|x86
		{83062D03-3B32-4057-9B29-85D38E3A7789}.AppStore|Any CPU.Deploy.0 = Release|x86
		{83062D03-3B32-4057-9B29-85D38E3A7789}.AppStore|ARM.ActiveCfg = Release|ARM
		{83062D03-3B32-4057-9B29-85D38E3A7789}.AppStore|ARM.Build.0 = Release|ARM
		{83062D03-3B32-4057-9B29-85D38E3A7789}.AppStore|ARM.Deploy.0 = Release|ARM
		{83062D03-3B32-4057-9B29-85D38E3A7789}.AppStore|iPhone.ActiveCfg = Release|x86
		{83062D03-3B32-4057-9B29-85D38E3A7789}.AppStore|iPhone.Build.0 = Release|x86
		{83062D03-3B32-4057-9B29-85D38E3A7789}.AppStore|iPhone.Deploy.0 = Release|x86
		{83062D03-3B32-4057-9B29-85D38E3A7789}.AppStore|iPhoneSimulator.ActiveCfg = Release|x86
		{83062D03-3B32-4057-9B29-85D38E3A7789}.AppStore|iPhoneSimulator.Build.0 = Release|x86
		{83062D03-3B32-4057-9B29-85D38E3A7789}.AppStore|iPhoneSimulator.Deploy.0 = Release|x86
		{83062D03-3B32-4057-9B29-85D38E3A7789}.AppStore|x64.ActiveCfg = Release|x64
		{83062D03-3B32-4057-9B29-85D38E3A7789}.AppStore|x64.Build.0 = Release|x64
		{83062D03-3B32-4057-9B29-85D38E3A7789}.AppStore|x64.Deploy.0 = Release|x64
		{83062D03-3B32-4057-9B29-85D38E3A7789}.AppStore|x86.ActiveCfg = Release|x86
		{83062D03-3B32-4057-9B29-85D38E3A7789}.AppStore|x86.Build.0 = Release|x86
		{83062D03-3B32-4057-9B29-85D38E3A7789}.AppStore|x86.Deploy.0 = Release|x86
		{83062D03-3B32-4057-9B29-85D38E3A7789}.Debug|Any CPU.ActiveCfg = Debug|x86
		{83062D03-3B32-4057-9B29-85D38E3A7789}.Debug|ARM.ActiveCfg = Debug|ARM
		{83062D03-3B32-4057-9B29-85D38E3A7789}.Debug|ARM.Build.0 = Debug|ARM
		{83062D03-3B32-4057-9B29-85D38E3A7789}.Debug|ARM.Deploy.0 = Debug|ARM
		{83062D03-3B32-4057-9B29-85D38E3A7789}.Debug|iPhone.ActiveCfg = Debug|x86
		{83062D03-3B32-4057-9B29-85D38E3A7789}.Debug|iPhoneSimulator.ActiveCfg = Debug|x86
		{83062D03-3B32-4057-9B29-85D38E3A7789}.Debug|x64.ActiveCfg = Debug|x64
		{83062D03-3B32-4057-9B29-85D38E3A7789}.Debug|x64.Build.0 = Debug|x64
		{83062D03-3B32-4057-9B29-85D38E3A7789}.Debug|x64.Deploy.0 = Debug|x64
		{83062D03-3B32-4057-9B29-85D38E3A7789}.Debug|x86.ActiveCfg = Debug|x86
		{83062D03-3B32-4057-9B29-85D38E3A7789}.Debug|x86.Build.0 = Debug|x86
		{83062D03-3B32-4057-9B29-85D38E3A7789}.Debug|x86.Deploy.0 = Debug|x86
		{83062D03-3B32-4057-9B29-85D38E3A7789}.Release|Any CPU.ActiveCfg = Release|x86
		{83062D03-3B32-4057-9B29-85D38E3A7789}.Release|ARM.ActiveCfg = Release|ARM
		{83062D03-3B32-4057-9B29-85D38E3A7789}.Release|ARM.Build.0 = Release|ARM
		{83062D03-3B32-4057-9B29-85D38E3A7789}.Release|ARM.Deploy.0 = Release|ARM
		{83062D03-3B32-4057-9B29-85D38E3A7789}.Release|iPhone.ActiveCfg = Release|x86
		{83062D03-3B32-4057-9B29-85D38E3A7789}.Release|iPhoneSimulator.ActiveCfg = Release|x86
		{83062D03-3B32-4057-9B29-85D38E3A7789}.Release|x64.ActiveCfg = Release|x64
		{83062D03-3B32-4057-9B29-85D38E3A7789}.Release|x64.Build.0 = Release|x64
		{83062D03-3B32-4057-9B29-85D38E3A7789}.Release|x64.Deploy.0 = Release|x64
		{83062D03-3B32-4057-9B29-85D38E3A7789}.Release|x86.ActiveCfg = Release|x86
		{83062D03-3B32-4057-9B29-85D38E3A7789}.Release|x86.Build.0 = Release|x86
		{83062D03-3B32-4057-9B29-85D38E3A7789}.Release|x86.Deploy.0 = Release|x86
		{A3B7D7AE-B33E-43DF-8A47-BDAC167AB1D2}.Ad-Hoc|Any CPU.ActiveCfg = Release|Any CPU
		{A3B7D7AE-B33E-43DF-8A47-BDAC167AB1D2}.Ad-Hoc|Any CPU.Build.0 = Release|Any CPU
		{A3B7D7AE-B33E-43DF-8A47-BDAC167AB1D2}.Ad-Hoc|Any CPU.Deploy.0 = Release|Any CPU
		{A3B7D7AE-B33E-43DF-8A47-BDAC167AB1D2}.Ad-Hoc|ARM.ActiveCfg = Release|ARM
		{A3B7D7AE-B33E-43DF-8A47-BDAC167AB1D2}.Ad-Hoc|ARM.Build.0 = Release|ARM
		{A3B7D7AE-B33E-43DF-8A47-BDAC167AB1D2}.Ad-Hoc|ARM.Deploy.0 = Release|ARM
		{A3B7D7AE-B33E-43DF-8A47-BDAC167AB1D2}.Ad-Hoc|iPhone.ActiveCfg = Release|Any CPU
		{A3B7D7AE-B33E-43DF-8A47-BDAC167AB1D2}.Ad-Hoc|iPhone.Build.0 = Release|Any CPU
		{A3B7D7AE-B33E-43DF-8A47-BDAC167AB1D2}.Ad-Hoc|iPhone.Deploy.0 = Release|Any CPU
		{A3B7D7AE-B33E-43DF-8A47-BDAC167AB1D2}.Ad-Hoc|iPhoneSimulator.ActiveCfg = Release|Any CPU
		{A3B7D7AE-B33E-43DF-8A47-BDAC167AB1D2}.Ad-Hoc|iPhoneSimulator.Build.0 = Release|Any CPU
		{A3B7D7AE-B33E-43DF-8A47-BDAC167AB1D2}.Ad-Hoc|iPhoneSimulator.Deploy.0 = Release|Any CPU
		{A3B7D7AE-B33E-43DF-8A47-BDAC167AB1D2}.Ad-Hoc|x64.ActiveCfg = Release|Any CPU
		{A3B7D7AE-B33E-43DF-8A47-BDAC167AB1D2}.Ad-Hoc|x64.Build.0 = Release|Any CPU
		{A3B7D7AE-B33E-43DF-8A47-BDAC167AB1D2}.Ad-Hoc|x64.Deploy.0 = Release|Any CPU
		{A3B7D7AE-B33E-43DF-8A47-BDAC167AB1D2}.Ad-Hoc|x86.ActiveCfg = Release|x86
		{A3B7D7AE-B33E-43DF-8A47-BDAC167AB1D2}.Ad-Hoc|x86.Build.0 = Release|x86
		{A3B7D7AE-B33E-43DF-8A47-BDAC167AB1D2}.Ad-Hoc|x86.Deploy.0 = Release|x86
		{A3B7D7AE-B33E-43DF-8A47-BDAC167AB1D2}.AppStore|Any CPU.ActiveCfg = Release|Any CPU
		{A3B7D7AE-B33E-43DF-8A47-BDAC167AB1D2}.AppStore|Any CPU.Build.0 = Release|Any CPU
		{A3B7D7AE-B33E-43DF-8A47-BDAC167AB1D2}.AppStore|Any CPU.Deploy.0 = Release|Any CPU
		{A3B7D7AE-B33E-43DF-8A47-BDAC167AB1D2}.AppStore|ARM.ActiveCfg = Release|ARM
		{A3B7D7AE-B33E-43DF-8A47-BDAC167AB1D2}.AppStore|ARM.Build.0 = Release|ARM
		{A3B7D7AE-B33E-43DF-8A47-BDAC167AB1D2}.AppStore|ARM.Deploy.0 = Release|ARM
		{A3B7D7AE-B33E-43DF-8A47-BDAC167AB1D2}.AppStore|iPhone.ActiveCfg = Release|Any CPU
		{A3B7D7AE-B33E-43DF-8A47-BDAC167AB1D2}.AppStore|iPhone.Build.0 = Release|Any CPU
		{A3B7D7AE-B33E-43DF-8A47-BDAC167AB1D2}.AppStore|iPhone.Deploy.0 = Release|Any CPU
		{A3B7D7AE-B33E-43DF-8A47-BDAC167AB1D2}.AppStore|iPhoneSimulator.ActiveCfg = Release|Any CPU
		{A3B7D7AE-B33E-43DF-8A47-BDAC167AB1D2}.AppStore|iPhoneSimulator.Build.0 = Release|Any CPU
		{A3B7D7AE-B33E-43DF-8A47-BDAC167AB1D2}.AppStore|iPhoneSimulator.Deploy.0 = Release|Any CPU
		{A3B7D7AE-B33E-43DF-8A47-BDAC167AB1D2}.AppStore|x64.ActiveCfg = Release|Any CPU
		{A3B7D7AE-B33E-43DF-8A47-BDAC167AB1D2}.AppStore|x64.Build.0 = Release|Any CPU
		{A3B7D7AE-B33E-43DF-8A47-BDAC167AB1D2}.AppStore|x64.Deploy.0 = Release|Any CPU
		{A3B7D7AE-B33E-43DF-8A47-BDAC167AB1D2}.AppStore|x86.ActiveCfg = Release|x86
		{A3B7D7AE-B33E-43DF-8A47-BDAC167AB1D2}.AppStore|x86.Build.0 = Release|x86
		{A3B7D7AE-B33E-43DF-8A47-BDAC167AB1D2}.AppStore|x86.Deploy.0 = Release|x86
		{A3B7D7AE-B33E-43DF-8A47-BDAC167AB1D2}.Debug|Any CPU.ActiveCfg = Debug|Any CPU
		{A3B7D7AE-B33E-43DF-8A47-BDAC167AB1D2}.Debug|Any CPU.Build.0 = Debug|Any CPU
		{A3B7D7AE-B33E-43DF-8A47-BDAC167AB1D2}.Debug|Any CPU.Deploy.0 = Debug|Any CPU
		{A3B7D7AE-B33E-43DF-8A47-BDAC167AB1D2}.Debug|ARM.ActiveCfg = Debug|ARM
		{A3B7D7AE-B33E-43DF-8A47-BDAC167AB1D2}.Debug|ARM.Build.0 = Debug|ARM
		{A3B7D7AE-B33E-43DF-8A47-BDAC167AB1D2}.Debug|ARM.Deploy.0 = Debug|ARM
		{A3B7D7AE-B33E-43DF-8A47-BDAC167AB1D2}.Debug|iPhone.ActiveCfg = Debug|Any CPU
		{A3B7D7AE-B33E-43DF-8A47-BDAC167AB1D2}.Debug|iPhone.Build.0 = Debug|Any CPU
		{A3B7D7AE-B33E-43DF-8A47-BDAC167AB1D2}.Debug|iPhone.Deploy.0 = Debug|Any CPU
		{A3B7D7AE-B33E-43DF-8A47-BDAC167AB1D2}.Debug|iPhoneSimulator.ActiveCfg = Debug|Any CPU
		{A3B7D7AE-B33E-43DF-8A47-BDAC167AB1D2}.Debug|iPhoneSimulator.Build.0 = Debug|Any CPU
		{A3B7D7AE-B33E-43DF-8A47-BDAC167AB1D2}.Debug|iPhoneSimulator.Deploy.0 = Debug|Any CPU
		{A3B7D7AE-B33E-43DF-8A47-BDAC167AB1D2}.Debug|x64.ActiveCfg = Debug|Any CPU
		{A3B7D7AE-B33E-43DF-8A47-BDAC167AB1D2}.Debug|x64.Build.0 = Debug|Any CPU
		{A3B7D7AE-B33E-43DF-8A47-BDAC167AB1D2}.Debug|x64.Deploy.0 = Debug|Any CPU
		{A3B7D7AE-B33E-43DF-8A47-BDAC167AB1D2}.Debug|x86.ActiveCfg = Debug|x86
		{A3B7D7AE-B33E-43DF-8A47-BDAC167AB1D2}.Debug|x86.Build.0 = Debug|x86
		{A3B7D7AE-B33E-43DF-8A47-BDAC167AB1D2}.Debug|x86.Deploy.0 = Debug|x86
		{A3B7D7AE-B33E-43DF-8A47-BDAC167AB1D2}.Release|Any CPU.ActiveCfg = Release|Any CPU
		{A3B7D7AE-B33E-43DF-8A47-BDAC167AB1D2}.Release|Any CPU.Build.0 = Release|Any CPU
		{A3B7D7AE-B33E-43DF-8A47-BDAC167AB1D2}.Release|Any CPU.Deploy.0 = Release|Any CPU
		{A3B7D7AE-B33E-43DF-8A47-BDAC167AB1D2}.Release|ARM.ActiveCfg = Release|ARM
		{A3B7D7AE-B33E-43DF-8A47-BDAC167AB1D2}.Release|ARM.Build.0 = Release|ARM
		{A3B7D7AE-B33E-43DF-8A47-BDAC167AB1D2}.Release|ARM.Deploy.0 = Release|ARM
		{A3B7D7AE-B33E-43DF-8A47-BDAC167AB1D2}.Release|iPhone.ActiveCfg = Release|Any CPU
		{A3B7D7AE-B33E-43DF-8A47-BDAC167AB1D2}.Release|iPhone.Build.0 = Release|Any CPU
		{A3B7D7AE-B33E-43DF-8A47-BDAC167AB1D2}.Release|iPhone.Deploy.0 = Release|Any CPU
		{A3B7D7AE-B33E-43DF-8A47-BDAC167AB1D2}.Release|iPhoneSimulator.ActiveCfg = Release|Any CPU
		{A3B7D7AE-B33E-43DF-8A47-BDAC167AB1D2}.Release|iPhoneSimulator.Build.0 = Release|Any CPU
		{A3B7D7AE-B33E-43DF-8A47-BDAC167AB1D2}.Release|iPhoneSimulator.Deploy.0 = Release|Any CPU
		{A3B7D7AE-B33E-43DF-8A47-BDAC167AB1D2}.Release|x64.ActiveCfg = Release|Any CPU
		{A3B7D7AE-B33E-43DF-8A47-BDAC167AB1D2}.Release|x64.Build.0 = Release|Any CPU
		{A3B7D7AE-B33E-43DF-8A47-BDAC167AB1D2}.Release|x64.Deploy.0 = Release|Any CPU
		{A3B7D7AE-B33E-43DF-8A47-BDAC167AB1D2}.Release|x86.ActiveCfg = Release|x86
		{A3B7D7AE-B33E-43DF-8A47-BDAC167AB1D2}.Release|x86.Build.0 = Release|x86
		{A3B7D7AE-B33E-43DF-8A47-BDAC167AB1D2}.Release|x86.Deploy.0 = Release|x86
		{8EBA25C1-D49A-469A-8E58-CF325387336D}.Ad-Hoc|Any CPU.ActiveCfg = Release|Any CPU
		{8EBA25C1-D49A-469A-8E58-CF325387336D}.Ad-Hoc|Any CPU.Build.0 = Release|Any CPU
		{8EBA25C1-D49A-469A-8E58-CF325387336D}.Ad-Hoc|Any CPU.Deploy.0 = Release|Any CPU
		{8EBA25C1-D49A-469A-8E58-CF325387336D}.Ad-Hoc|ARM.ActiveCfg = Release|ARM
		{8EBA25C1-D49A-469A-8E58-CF325387336D}.Ad-Hoc|ARM.Build.0 = Release|ARM
		{8EBA25C1-D49A-469A-8E58-CF325387336D}.Ad-Hoc|ARM.Deploy.0 = Release|ARM
		{8EBA25C1-D49A-469A-8E58-CF325387336D}.Ad-Hoc|iPhone.ActiveCfg = Release|Any CPU
		{8EBA25C1-D49A-469A-8E58-CF325387336D}.Ad-Hoc|iPhone.Build.0 = Release|Any CPU
		{8EBA25C1-D49A-469A-8E58-CF325387336D}.Ad-Hoc|iPhone.Deploy.0 = Release|Any CPU
		{8EBA25C1-D49A-469A-8E58-CF325387336D}.Ad-Hoc|iPhoneSimulator.ActiveCfg = Release|Any CPU
		{8EBA25C1-D49A-469A-8E58-CF325387336D}.Ad-Hoc|iPhoneSimulator.Build.0 = Release|Any CPU
		{8EBA25C1-D49A-469A-8E58-CF325387336D}.Ad-Hoc|iPhoneSimulator.Deploy.0 = Release|Any CPU
		{8EBA25C1-D49A-469A-8E58-CF325387336D}.Ad-Hoc|x64.ActiveCfg = Release|x64
		{8EBA25C1-D49A-469A-8E58-CF325387336D}.Ad-Hoc|x64.Build.0 = Release|x64
		{8EBA25C1-D49A-469A-8E58-CF325387336D}.Ad-Hoc|x64.Deploy.0 = Release|x64
		{8EBA25C1-D49A-469A-8E58-CF325387336D}.Ad-Hoc|x86.ActiveCfg = Release|x86
		{8EBA25C1-D49A-469A-8E58-CF325387336D}.Ad-Hoc|x86.Build.0 = Release|x86
		{8EBA25C1-D49A-469A-8E58-CF325387336D}.Ad-Hoc|x86.Deploy.0 = Release|x86
		{8EBA25C1-D49A-469A-8E58-CF325387336D}.AppStore|Any CPU.ActiveCfg = Release|Any CPU
		{8EBA25C1-D49A-469A-8E58-CF325387336D}.AppStore|Any CPU.Build.0 = Release|Any CPU
		{8EBA25C1-D49A-469A-8E58-CF325387336D}.AppStore|Any CPU.Deploy.0 = Release|Any CPU
		{8EBA25C1-D49A-469A-8E58-CF325387336D}.AppStore|ARM.ActiveCfg = Release|ARM
		{8EBA25C1-D49A-469A-8E58-CF325387336D}.AppStore|ARM.Build.0 = Release|ARM
		{8EBA25C1-D49A-469A-8E58-CF325387336D}.AppStore|ARM.Deploy.0 = Release|ARM
		{8EBA25C1-D49A-469A-8E58-CF325387336D}.AppStore|iPhone.ActiveCfg = Release|Any CPU
		{8EBA25C1-D49A-469A-8E58-CF325387336D}.AppStore|iPhone.Build.0 = Release|Any CPU
		{8EBA25C1-D49A-469A-8E58-CF325387336D}.AppStore|iPhone.Deploy.0 = Release|Any CPU
		{8EBA25C1-D49A-469A-8E58-CF325387336D}.AppStore|iPhoneSimulator.ActiveCfg = Release|Any CPU
		{8EBA25C1-D49A-469A-8E58-CF325387336D}.AppStore|iPhoneSimulator.Build.0 = Release|Any CPU
		{8EBA25C1-D49A-469A-8E58-CF325387336D}.AppStore|iPhoneSimulator.Deploy.0 = Release|Any CPU
		{8EBA25C1-D49A-469A-8E58-CF325387336D}.AppStore|x64.ActiveCfg = Release|x64
		{8EBA25C1-D49A-469A-8E58-CF325387336D}.AppStore|x64.Build.0 = Release|x64
		{8EBA25C1-D49A-469A-8E58-CF325387336D}.AppStore|x64.Deploy.0 = Release|x64
		{8EBA25C1-D49A-469A-8E58-CF325387336D}.AppStore|x86.ActiveCfg = Release|x86
		{8EBA25C1-D49A-469A-8E58-CF325387336D}.AppStore|x86.Build.0 = Release|x86
		{8EBA25C1-D49A-469A-8E58-CF325387336D}.AppStore|x86.Deploy.0 = Release|x86
		{8EBA25C1-D49A-469A-8E58-CF325387336D}.Debug|Any CPU.ActiveCfg = Debug|Any CPU
		{8EBA25C1-D49A-469A-8E58-CF325387336D}.Debug|Any CPU.Build.0 = Debug|Any CPU
		{8EBA25C1-D49A-469A-8E58-CF325387336D}.Debug|Any CPU.Deploy.0 = Debug|Any CPU
		{8EBA25C1-D49A-469A-8E58-CF325387336D}.Debug|ARM.ActiveCfg = Debug|ARM
		{8EBA25C1-D49A-469A-8E58-CF325387336D}.Debug|ARM.Build.0 = Debug|ARM
		{8EBA25C1-D49A-469A-8E58-CF325387336D}.Debug|ARM.Deploy.0 = Debug|ARM
		{8EBA25C1-D49A-469A-8E58-CF325387336D}.Debug|iPhone.ActiveCfg = Debug|Any CPU
		{8EBA25C1-D49A-469A-8E58-CF325387336D}.Debug|iPhone.Build.0 = Debug|Any CPU
		{8EBA25C1-D49A-469A-8E58-CF325387336D}.Debug|iPhone.Deploy.0 = Debug|Any CPU
		{8EBA25C1-D49A-469A-8E58-CF325387336D}.Debug|iPhoneSimulator.ActiveCfg = Debug|Any CPU
		{8EBA25C1-D49A-469A-8E58-CF325387336D}.Debug|iPhoneSimulator.Build.0 = Debug|Any CPU
		{8EBA25C1-D49A-469A-8E58-CF325387336D}.Debug|iPhoneSimulator.Deploy.0 = Debug|Any CPU
		{8EBA25C1-D49A-469A-8E58-CF325387336D}.Debug|x64.ActiveCfg = Debug|x64
		{8EBA25C1-D49A-469A-8E58-CF325387336D}.Debug|x64.Build.0 = Debug|x64
		{8EBA25C1-D49A-469A-8E58-CF325387336D}.Debug|x64.Deploy.0 = Debug|x64
		{8EBA25C1-D49A-469A-8E58-CF325387336D}.Debug|x86.ActiveCfg = Debug|x86
		{8EBA25C1-D49A-469A-8E58-CF325387336D}.Debug|x86.Build.0 = Debug|x86
		{8EBA25C1-D49A-469A-8E58-CF325387336D}.Debug|x86.Deploy.0 = Debug|x86
		{8EBA25C1-D49A-469A-8E58-CF325387336D}.Release|Any CPU.ActiveCfg = Release|Any CPU
		{8EBA25C1-D49A-469A-8E58-CF325387336D}.Release|Any CPU.Build.0 = Release|Any CPU
		{8EBA25C1-D49A-469A-8E58-CF325387336D}.Release|Any CPU.Deploy.0 = Release|Any CPU
		{8EBA25C1-D49A-469A-8E58-CF325387336D}.Release|ARM.ActiveCfg = Release|ARM
		{8EBA25C1-D49A-469A-8E58-CF325387336D}.Release|ARM.Build.0 = Release|ARM
		{8EBA25C1-D49A-469A-8E58-CF325387336D}.Release|ARM.Deploy.0 = Release|ARM
		{8EBA25C1-D49A-469A-8E58-CF325387336D}.Release|iPhone.ActiveCfg = Release|Any CPU
		{8EBA25C1-D49A-469A-8E58-CF325387336D}.Release|iPhone.Build.0 = Release|Any CPU
		{8EBA25C1-D49A-469A-8E58-CF325387336D}.Release|iPhone.Deploy.0 = Release|Any CPU
		{8EBA25C1-D49A-469A-8E58-CF325387336D}.Release|iPhoneSimulator.ActiveCfg = Release|Any CPU
		{8EBA25C1-D49A-469A-8E58-CF325387336D}.Release|iPhoneSimulator.Build.0 = Release|Any CPU
		{8EBA25C1-D49A-469A-8E58-CF325387336D}.Release|iPhoneSimulator.Deploy.0 = Release|Any CPU
		{8EBA25C1-D49A-469A-8E58-CF325387336D}.Release|x64.ActiveCfg = Release|x64
		{8EBA25C1-D49A-469A-8E58-CF325387336D}.Release|x64.Build.0 = Release|x64
		{8EBA25C1-D49A-469A-8E58-CF325387336D}.Release|x64.Deploy.0 = Release|x64
		{8EBA25C1-D49A-469A-8E58-CF325387336D}.Release|x86.ActiveCfg = Release|x86
		{8EBA25C1-D49A-469A-8E58-CF325387336D}.Release|x86.Build.0 = Release|x86
		{8EBA25C1-D49A-469A-8E58-CF325387336D}.Release|x86.Deploy.0 = Release|x86
	EndGlobalSection
	GlobalSection(SolutionProperties) = preSolution
		HideSolutionNode = FALSE
	EndGlobalSection
EndGlobal
